
Microsoft Visual Studio Solution File, Format Version 12.00
# Visual Studio Version 17
VisualStudioVersion = 17.11.35219.272
MinimumVisualStudioVersion = 10.0.40219.1
Project("{FAE04EC0-301F-11D3-BF4B-00C04F79EFBC}") = "decor", "decor\decor.csproj", "{3987808A-0345-472A-AE40-7EFF918934EF}"
EndProject
Global
	GlobalSection(SolutionConfigurationPlatforms) = preSolution
		Debug|Any CPU = Debug|Any CPU
		Release|Any CPU = Release|Any CPU
	EndGlobalSection
	GlobalSection(ProjectConfigurationPlatforms) = postSolution
		{3987808A-0345-472A-AE40-7EFF918934EF}.Debug|Any CPU.ActiveCfg = Debug|Any CPU
		{3987808A-0345-472A-AE40-7EFF918934EF}.Debug|Any CPU.Build.0 = Debug|Any CPU
		{3987808A-0345-472A-AE40-7EFF918934EF}.Release|Any CPU.ActiveCfg = Release|Any CPU
		{3987808A-0345-472A-AE40-7EFF918934EF}.Release|Any CPU.Build.0 = Release|Any CPU
	EndGlobalSection
	GlobalSection(SolutionProperties) = preSolution
		HideSolutionNode = FALSE
	EndGlobalSection
	GlobalSection(ExtensibilityGlobals) = postSolution
		SolutionGuid = {4363BB78-6C27-42E2-A812-CF621014C4B7}
	EndGlobalSection
EndGlobal
